dependencies:
- name: mongodb
  repository: https://charts.bitnami.com/bitnami
  version: 16.1.0
- name: elasticsearch
  repository: https://charts.bitnami.com/bitnami
  version: 21.3.22
- name: rabbitmq
  repository: https://charts.bitnami.com/bitnami
  version: 15.0.3
digest: sha256:cfd65e66fd7e5f3bb5b2d1035d5a2e254451178082d4d2b955438e54d6323922
generated: "2024-10-24T17:39:14.573820694+03:30"
